
Microsoft Visual Studio Solution File, Format Version 12.00
# Visual Studio 14
VisualStudioVersion = 14.0.25420.1
MinimumVisualStudioVersion = 10.0.40219.1
Project("{FAE04EC0-301F-11D3-BF4B-00C04F79EFBC}") = "VirtualPet", "VirtualPet\VirtualPet.csproj", "{5F3CE930-6819-4743-AC2C-04C559940218}"
EndProject
Project("{FAE04EC0-301F-11D3-BF4B-00C04F79EFBC}") = "Virtual Pet", "Virtual Pet\Virtual Pet.csproj", "{037F6597-2298-4C06-8308-922609FA7F1E}"
EndProject
Global
	GlobalSection(SolutionConfigurationPlatforms) = preSolution
		Debug|Any CPU = Debug|Any CPU
		Release|Any CPU = Release|Any CPU
	EndGlobalSection
	GlobalSection(ProjectConfigurationPlatforms) = postSolution
		{5F3CE930-6819-4743-AC2C-04C559940218}.Debug|Any CPU.ActiveCfg = Debug|Any CPU
		{5F3CE930-6819-4743-AC2C-04C559940218}.Debug|Any CPU.Build.0 = Debug|Any CPU
		{5F3CE930-6819-4743-AC2C-04C559940218}.Release|Any CPU.ActiveCfg = Release|Any CPU
		{5F3CE930-6819-4743-AC2C-04C559940218}.Release|Any CPU.Build.0 = Release|Any CPU
		{037F6597-2298-4C06-8308-922609FA7F1E}.Debug|Any CPU.ActiveCfg = Debug|Any CPU
		{037F6597-2298-4C06-8308-922609FA7F1E}.Debug|Any CPU.Build.0 = Debug|Any CPU
		{037F6597-2298-4C06-8308-922609FA7F1E}.Release|Any CPU.ActiveCfg = Release|Any CPU
		{037F6597-2298-4C06-8308-922609FA7F1E}.Release|Any CPU.Build.0 = Release|Any CPU
	EndGlobalSection
	GlobalSection(SolutionProperties) = preSolution
		HideSolutionNode = FALSE
	EndGlobalSection
EndGlobal
